
Microsoft Visual Studio Solution File, Format Version 12.00
# Visual Studio Version 17
VisualStudioVersion = 17.5.002.0
MinimumVisualStudioVersion = 10.0.40219.1
Project("{2150E333-8FDC-42A3-9474-1A3956D46DE8}") = "csharp-prep", "csharp-prep", "{72951079-C9B5-4EC4-833E-8B9D07785207}"
EndProject
Project("{9A19103F-16F7-4668-BE54-9A1E7A4F7556}") = "Prep1", "csharp-prep\Prep1\Prep1.csproj", "{95386824-701D-4791-944C-41121F12F008}"
EndProject
Project("{9A19103F-16F7-4668-BE54-9A1E7A4F7556}") = "Prep2", "csharp-prep\Prep2\Prep2.csproj", "{BB859F47-068A-4283-8E80-516F4943B07F}"
EndProject
Project("{9A19103F-16F7-4668-BE54-9A1E7A4F7556}") = "Prep3", "csharp-prep\Prep3\Prep3.csproj", "{67150A8F-52BE-4DAE-AFB4-6491D881B6AE}"
EndProject
Project("{9A19103F-16F7-4668-BE54-9A1E7A4F7556}") = "Prep4", "csharp-prep\Prep4\Prep4.csproj", "{7CEF5878-5148-4460-849B-2F48909EDA90}"
EndProject
Project("{9A19103F-16F7-4668-BE54-9A1E7A4F7556}") = "Prep5", "csharp-prep\Prep5\Prep5.csproj", "{CA0683BF-0379-41CE-BD11-BF1BE21244BE}"
EndProject
Project("{2150E333-8FDC-42A3-9474-1A3956D46DE8}") = "final", "final", "{B0349143-9F2D-47F1-B143-3A401EB6D53C}"
EndProject
Project("{9A19103F-16F7-4668-BE54-9A1E7A4F7556}") = "FinalProject", "final\FinalProject\FinalProject.csproj", "{1085B6E9-4B21-410D-AC08-1A46D0333058}"
EndProject
Project("{9A19103F-16F7-4668-BE54-9A1E7A4F7556}") = "Foundation1", "final\Foundation1\Foundation1.csproj", "{AA00DE2A-1D14-443E-A2F2-E18A97779A07}"
EndProject
Project("{9A19103F-16F7-4668-BE54-9A1E7A4F7556}") = "Foundation2", "final\Foundation2\Foundation2.csproj", "{6779F0AE-89E0-4766-B3D8-0BA39FBE7DCB}"
EndProject
Project("{9A19103F-16F7-4668-BE54-9A1E7A4F7556}") = "Foundation3", "final\Foundation3\Foundation3.csproj", "{30089AFF-D9E0-4460-A13C-BB40A22D1344}"
EndProject
Project("{9A19103F-16F7-4668-BE54-9A1E7A4F7556}") = "Foundation4", "final\Foundation4\Foundation4.csproj", "{8EDBE8A7-EB44-4A5E-9550-3B70F79AECBD}"
EndProject
Project("{2150E333-8FDC-42A3-9474-1A3956D46DE8}") = "prepare", "prepare", "{3F21EFEE-65BF-455E-9D16-728B452BF31A}"
EndProject
Project("{9A19103F-16F7-4668-BE54-9A1E7A4F7556}") = "Learning02", "prepare\Learning02\Learning02.csproj", "{B07C3C11-10EC-41A3-9018-1038B775E7D8}"
EndProject
Project("{9A19103F-16F7-4668-BE54-9A1E7A4F7556}") = "Learning03", "prepare\Learning03\Learning03.csproj", "{C2BAF67F-44C9-456B-A94D-A96F7804B75F}"
EndProject
Project("{9A19103F-16F7-4668-BE54-9A1E7A4F7556}") = "Learning04", "prepare\Learning04\Learning04.csproj", "{EC4CC9D9-C41A-4282-8892-FA4EBD7A1661}"
EndProject
Project("{9A19103F-16F7-4668-BE54-9A1E7A4F7556}") = "Learning05", "prepare\Learning05\Learning05.csproj", "{78F7911D-C8E4-4011-ACE8-99F64E657938}"
EndProject
Project("{2150E333-8FDC-42A3-9474-1A3956D46DE8}") = "prove", "prove", "{7CE3456A-7B12-4DA3-B2A7-C860FD639848}"
EndProject
Project("{9A19103F-16F7-4668-BE54-9A1E7A4F7556}") = "Develop02", "prove\Develop02\Develop02.csproj", "{54348BC2-7E4F-4164-B58C-EDB55C3364D9}"
EndProject
Project("{9A19103F-16F7-4668-BE54-9A1E7A4F7556}") = "Develop03", "prove\Develop03\Develop03.csproj", "{74569A3B-4770-45AC-B6AB-440BFD02D284}"
EndProject
Project("{9A19103F-16F7-4668-BE54-9A1E7A4F7556}") = "Develop04", "prove\Develop04\Develop04.csproj", "{1B73CAD0-E572-4939-B348-68A329EF3928}"
EndProject
Project("{9A19103F-16F7-4668-BE54-9A1E7A4F7556}") = "Develop05", "prove\Develop05\Develop05.csproj", "{8DEB1183-E410-48D0-9AB2-02A3732848DC}"
EndProject
Project("{2150E333-8FDC-42A3-9474-1A3956D46DE8}") = "sandbox", "sandbox", "{C951D85F-20DF-43F4-B92D-15630BE6AF9E}"
EndProject
Project("{9A19103F-16F7-4668-BE54-9A1E7A4F7556}") = "Sandbox", "sandbox\Sandbox\Sandbox.csproj", "{16881CB5-244B-4672-9F74-56BEFE00FC2F}"
EndProject
Global
	GlobalSection(SolutionConfigurationPlatforms) = preSolution
		Debug|Any CPU = Debug|Any CPU
		Release|Any CPU = Release|Any CPU
	EndGlobalSection
	GlobalSection(ProjectConfigurationPlatforms) = postSolution
		{95386824-701D-4791-944C-41121F12F008}.Debug|Any CPU.ActiveCfg = Debug|Any CPU
		{95386824-701D-4791-944C-41121F12F008}.Debug|Any CPU.Build.0 = Debug|Any CPU
		{95386824-701D-4791-944C-41121F12F008}.Release|Any CPU.ActiveCfg = Release|Any CPU
		{95386824-701D-4791-944C-41121F12F008}.Release|Any CPU.Build.0 = Release|Any CPU
		{BB859F47-068A-4283-8E80-516F4943B07F}.Debug|Any CPU.ActiveCfg = Debug|Any CPU
		{BB859F47-068A-4283-8E80-516F4943B07F}.Debug|Any CPU.Build.0 = Debug|Any CPU
		{BB859F47-068A-4283-8E80-516F4943B07F}.Release|Any CPU.ActiveCfg = Release|Any CPU
		{BB859F47-068A-4283-8E80-516F4943B07F}.Release|Any CPU.Build.0 = Release|Any CPU
		{67150A8F-52BE-4DAE-AFB4-6491D881B6AE}.Debug|Any CPU.ActiveCfg = Debug|Any CPU
		{67150A8F-52BE-4DAE-AFB4-6491D881B6AE}.Debug|Any CPU.Build.0 = Debug|Any CPU
		{67150A8F-52BE-4DAE-AFB4-6491D881B6AE}.Release|Any CPU.ActiveCfg = Release|Any CPU
		{67150A8F-52BE-4DAE-AFB4-6491D881B6AE}.Release|Any CPU.Build.0 = Release|Any CPU
		{7CEF5878-5148-4460-849B-2F48909EDA90}.Debug|Any CPU.ActiveCfg = Debug|Any CPU
		{7CEF5878-5148-4460-849B-2F48909EDA90}.Debug|Any CPU.Build.0 = Debug|Any CPU
		{7CEF5878-5148-4460-849B-2F48909EDA90}.Release|Any CPU.ActiveCfg = Release|Any CPU
		{7CEF5878-5148-4460-849B-2F48909EDA90}.Release|Any CPU.Build.0 = Release|Any CPU
		{CA0683BF-0379-41CE-BD11-BF1BE21244BE}.Debug|Any CPU.ActiveCfg = Debug|Any CPU
		{CA0683BF-0379-41CE-BD11-BF1BE21244BE}.Debug|Any CPU.Build.0 = Debug|Any CPU
		{CA0683BF-0379-41CE-BD11-BF1BE21244BE}.Release|Any CPU.ActiveCfg = Release|Any CPU
		{CA0683BF-0379-41CE-BD11-BF1BE21244BE}.Release|Any CPU.Build.0 = Release|Any CPU
		{1085B6E9-4B21-410D-AC08-1A46D0333058}.Debug|Any CPU.ActiveCfg = Debug|Any CPU
		{1085B6E9-4B21-410D-AC08-1A46D0333058}.Debug|Any CPU.Build.0 = Debug|Any CPU
		{1085B6E9-4B21-410D-AC08-1A46D0333058}.Release|Any CPU.ActiveCfg = Release|Any CPU
		{1085B6E9-4B21-410D-AC08-1A46D0333058}.Release|Any CPU.Build.0 = Release|Any CPU
		{AA00DE2A-1D14-443E-A2F2-E18A97779A07}.Debug|Any CPU.ActiveCfg = Debug|Any CPU
		{AA00DE2A-1D14-443E-A2F2-E18A97779A07}.Debug|Any CPU.Build.0 = Debug|Any CPU
		{AA00DE2A-1D14-443E-A2F2-E18A97779A07}.Release|Any CPU.ActiveCfg = Release|Any CPU
		{AA00DE2A-1D14-443E-A2F2-E18A97779A07}.Release|Any CPU.Build.0 = Release|Any CPU
		{6779F0AE-89E0-4766-B3D8-0BA39FBE7DCB}.Debug|Any CPU.ActiveCfg = Debug|Any CPU
		{6779F0AE-89E0-4766-B3D8-0BA39FBE7DCB}.Debug|Any CPU.Build.0 = Debug|Any CPU
		{6779F0AE-89E0-4766-B3D8-0BA39FBE7DCB}.Release|Any CPU.ActiveCfg = Release|Any CPU
		{6779F0AE-89E0-4766-B3D8-0BA39FBE7DCB}.Release|Any CPU.Build.0 = Release|Any CPU
		{30089AFF-D9E0-4460-A13C-BB40A22D1344}.Debug|Any CPU.ActiveCfg = Debug|Any CPU
		{30089AFF-D9E0-4460-A13C-BB40A22D1344}.Debug|Any CPU.Build.0 = Debug|Any CPU
		{30089AFF-D9E0-4460-A13C-BB40A22D1344}.Release|Any CPU.ActiveCfg = Release|Any CPU
		{30089AFF-D9E0-4460-A13C-BB40A22D1344}.Release|Any CPU.Build.0 = Release|Any CPU
		{8EDBE8A7-EB44-4A5E-9550-3B70F79AECBD}.Debug|Any CPU.ActiveCfg = Debug|Any CPU
		{8EDBE8A7-EB44-4A5E-9550-3B70F79AECBD}.Debug|Any CPU.Build.0 = Debug|Any CPU
		{8EDBE8A7-EB44-4A5E-9550-3B70F79AECBD}.Release|Any CPU.ActiveCfg = Release|Any CPU
		{8EDBE8A7-EB44-4A5E-9550-3B70F79AECBD}.Release|Any CPU.Build.0 = Release|Any CPU
		{B07C3C11-10EC-41A3-9018-1038B775E7D8}.Debug|Any CPU.ActiveCfg = Debug|Any CPU
		{B07C3C11-10EC-41A3-9018-1038B775E7D8}.Debug|Any CPU.Build.0 = Debug|Any CPU
		{B07C3C11-10EC-41A3-9018-1038B775E7D8}.Release|Any CPU.ActiveCfg = Release|Any CPU
		{B07C3C11-10EC-41A3-9018-1038B775E7D8}.Release|Any CPU.Build.0 = Release|Any CPU
		{C2BAF67F-44C9-456B-A94D-A96F7804B75F}.Debug|Any CPU.ActiveCfg = Debug|Any CPU
		{C2BAF67F-44C9-456B-A94D-A96F7804B75F}.Debug|Any CPU.Build.0 = Debug|Any CPU
		{C2BAF67F-44C9-456B-A94D-A96F7804B75F}.Release|Any CPU.ActiveCfg = Release|Any CPU
		{C2BAF67F-44C9-456B-A94D-A96F7804B75F}.Release|Any CPU.Build.0 = Release|Any CPU
		{EC4CC9D9-C41A-4282-8892-FA4EBD7A1661}.Debug|Any CPU.ActiveCfg = Debug|Any CPU
		{EC4CC9D9-C41A-4282-8892-FA4EBD7A1661}.Debug|Any CPU.Build.0 = Debug|Any CPU
		{EC4CC9D9-C41A-4282-8892-FA4EBD7A1661}.Release|Any CPU.ActiveCfg = Release|Any CPU
		{EC4CC9D9-C41A-4282-8892-FA4EBD7A1661}.Release|Any CPU.Build.0 = Release|Any CPU
		{78F7911D-C8E4-4011-ACE8-99F64E657938}.Debug|Any CPU.ActiveCfg = Debug|Any CPU
		{78F7911D-C8E4-4011-ACE8-99F64E657938}.Debug|Any CPU.Build.0 = Debug|Any CPU
		{78F7911D-C8E4-4011-ACE8-99F64E657938}.Release|Any CPU.ActiveCfg = Release|Any CPU
		{78F7911D-C8E4-4011-ACE8-99F64E657938}.Release|Any CPU.Build.0 = Release|Any CPU
		{54348BC2-7E4F-4164-B58C-EDB55C3364D9}.Debug|Any CPU.ActiveCfg = Debug|Any CPU
		{54348BC2-7E4F-4164-B58C-EDB55C3364D9}.Debug|Any CPU.Build.0 = Debug|Any CPU
		{54348BC2-7E4F-4164-B58C-EDB55C3364D9}.Release|Any CPU.ActiveCfg = Release|Any CPU
		{54348BC2-7E4F-4164-B58C-EDB55C3364D9}.Release|Any CPU.Build.0 = Release|Any CPU
		{74569A3B-4770-45AC-B6AB-440BFD02D284}.Debug|Any CPU.ActiveCfg = Debug|Any CPU
		{74569A3B-4770-45AC-B6AB-440BFD02D284}.Debug|Any CPU.Build.0 = Debug|Any CPU
		{74569A3B-4770-45AC-B6AB-440BFD02D284}.Release|Any CPU.ActiveCfg = Release|Any CPU
		{74569A3B-4770-45AC-B6AB-440BFD02D284}.Release|Any CPU.Build.0 = Release|Any CPU
		{1B73CAD0-E572-4939-B348-68A329EF3928}.Debug|Any CPU.ActiveCfg = Debug|Any CPU
		{1B73CAD0-E572-4939-B348-68A329EF3928}.Debug|Any CPU.Build.0 = Debug|Any CPU
		{1B73CAD0-E572-4939-B348-68A329EF3928}.Release|Any CPU.ActiveCfg = Release|Any CPU
		{1B73CAD0-E572-4939-B348-68A329EF3928}.Release|Any CPU.Build.0 = Release|Any CPU
		{8DEB1183-E410-48D0-9AB2-02A3732848DC}.Debug|Any CPU.ActiveCfg = Debug|Any CPU
		{8DEB1183-E410-48D0-9AB2-02A3732848DC}.Debug|Any CPU.Build.0 = Debug|Any CPU
		{8DEB1183-E410-48D0-9AB2-02A3732848DC}.Release|Any CPU.ActiveCfg = Release|Any CPU
		{8DEB1183-E410-48D0-9AB2-02A3732848DC}.Release|Any CPU.Build.0 = Release|Any CPU
		{16881CB5-244B-4672-9F74-56BEFE00FC2F}.Debug|Any CPU.ActiveCfg = Debug|Any CPU
		{16881CB5-244B-4672-9F74-56BEFE00FC2F}.Debug|Any CPU.Build.0 = Debug|Any CPU
		{16881CB5-244B-4672-9F74-56BEFE00FC2F}.Release|Any CPU.ActiveCfg = Release|Any CPU
		{16881CB5-244B-4672-9F74-56BEFE00FC2F}.Release|Any CPU.Build.0 = Release|Any CPU
	EndGlobalSection
	GlobalSection(SolutionProperties) = preSolution
		HideSolutionNode = FALSE
	EndGlobalSection
	GlobalSection(NestedProjects) = preSolution
		{95386824-701D-4791-944C-41121F12F008} = {72951079-C9B5-4EC4-833E-8B9D07785207}
		{BB859F47-068A-4283-8E80-516F4943B07F} = {72951079-C9B5-4EC4-833E-8B9D07785207}
		{67150A8F-52BE-4DAE-AFB4-6491D881B6AE} = {72951079-C9B5-4EC4-833E-8B9D07785207}
		{7CEF5878-5148-4460-849B-2F48909EDA90} = {72951079-C9B5-4EC4-833E-8B9D07785207}
		{CA0683BF-0379-41CE-BD11-BF1BE21244BE} = {72951079-C9B5-4EC4-833E-8B9D07785207}
		{1085B6E9-4B21-410D-AC08-1A46D0333058} = {B0349143-9F2D-47F1-B143-3A401EB6D53C}
		{AA00DE2A-1D14-443E-A2F2-E18A97779A07} = {B0349143-9F2D-47F1-B143-3A401EB6D53C}
		{6779F0AE-89E0-4766-B3D8-0BA39FBE7DCB} = {B0349143-9F2D-47F1-B143-3A401EB6D53C}
		{30089AFF-D9E0-4460-A13C-BB40A22D1344} = {B0349143-9F2D-47F1-B143-3A401EB6D53C}
		{8EDBE8A7-EB44-4A5E-9550-3B70F79AECBD} = {B0349143-9F2D-47F1-B143-3A401EB6D53C}
		{B07C3C11-10EC-41A3-9018-1038B775E7D8} = {3F21EFEE-65BF-455E-9D16-728B452BF31A}
		{C2BAF67F-44C9-456B-A94D-A96F7804B75F} = {3F21EFEE-65BF-455E-9D16-728B452BF31A}
		{EC4CC9D9-C41A-4282-8892-FA4EBD7A1661} = {3F21EFEE-65BF-455E-9D16-728B452BF31A}
		{78F7911D-C8E4-4011-ACE8-99F64E657938} = {3F21EFEE-65BF-455E-9D16-728B452BF31A}
		{54348BC2-7E4F-4164-B58C-EDB55C3364D9} = {7CE3456A-7B12-4DA3-B2A7-C860FD639848}
		{74569A3B-4770-45AC-B6AB-440BFD02D284} = {7CE3456A-7B12-4DA3-B2A7-C860FD639848}
		{1B73CAD0-E572-4939-B348-68A329EF3928} = {7CE3456A-7B12-4DA3-B2A7-C860FD639848}
		{8DEB1183-E410-48D0-9AB2-02A3732848DC} = {7CE3456A-7B12-4DA3-B2A7-C860FD639848}
		{16881CB5-244B-4672-9F74-56BEFE00FC2F} = {C951D85F-20DF-43F4-B92D-15630BE6AF9E}
	EndGlobalSection
	GlobalSection(ExtensibilityGlobals) = postSolution
		SolutionGuid = {5D32873B-43DF-4CB6-B4CE-F071A513ABB5}
	EndGlobalSection
EndGlobal
